
Microsoft Visual Studio Solution File, Format Version 12.00
# Visual Studio Version 17
VisualStudioVersion = 17.6.33815.320
MinimumVisualStudioVersion = 10.0.40219.1
Project("{FAE04EC0-301F-11D3-BF4B-00C04F79EFBC}") = "OpenAIChat", "OpenAIChat\OpenAIChat.csproj", "{97314323-2471-40B5-8375-025DF0C34809}"
EndProject
Global
	GlobalSection(SolutionConfigurationPlatforms) = preSolution
		Debug|Any CPU = Debug|Any CPU
		Release|Any CPU = Release|Any CPU
	EndGlobalSection
	GlobalSection(ProjectConfigurationPlatforms) = postSolution
		{97314323-2471-40B5-8375-025DF0C34809}.Debug|Any CPU.ActiveCfg = Debug|Any CPU
		{97314323-2471-40B5-8375-025DF0C34809}.Debug|Any CPU.Build.0 = Debug|Any CPU
		{97314323-2471-40B5-8375-025DF0C34809}.Release|Any CPU.ActiveCfg = Release|Any CPU
		{97314323-2471-40B5-8375-025DF0C34809}.Release|Any CPU.Build.0 = Release|Any CPU
	EndGlobalSection
	GlobalSection(SolutionProperties) = preSolution
		HideSolutionNode = FALSE
	EndGlobalSection
	GlobalSection(ExtensibilityGlobals) = postSolution
		SolutionGuid = {DD2EFD79-31BF-48FF-B6FD-6F0CE4771721}
	EndGlobalSection
EndGlobal
