
Microsoft Visual Studio Solution File, Format Version 12.00
# Visual Studio Version 17
VisualStudioVersion = 17.4.33103.184
MinimumVisualStudioVersion = 10.0.40219.1
Project("{FAE04EC0-301F-11D3-BF4B-00C04F79EFBC}") = "MIRHAS-Linq", "MIRHAS-Linq\MIRHAS-Linq.csproj", "{99BC9B33-024E-4D04-8785-4397A7111070}"
EndProject
Global
	GlobalSection(SolutionConfigurationPlatforms) = preSolution
		Debug|Any CPU = Debug|Any CPU
		Release|Any CPU = Release|Any CPU
	EndGlobalSection
	GlobalSection(ProjectConfigurationPlatforms) = postSolution
		{99BC9B33-024E-4D04-8785-4397A7111070}.Debug|Any CPU.ActiveCfg = Debug|Any CPU
		{99BC9B33-024E-4D04-8785-4397A7111070}.Debug|Any CPU.Build.0 = Debug|Any CPU
		{99BC9B33-024E-4D04-8785-4397A7111070}.Release|Any CPU.ActiveCfg = Release|Any CPU
		{99BC9B33-024E-4D04-8785-4397A7111070}.Release|Any CPU.Build.0 = Release|Any CPU
	EndGlobalSection
	GlobalSection(SolutionProperties) = preSolution
		HideSolutionNode = FALSE
	EndGlobalSection
	GlobalSection(ExtensibilityGlobals) = postSolution
		SolutionGuid = {88EA2452-38E9-4614-BEE7-F930F11C9F32}
	EndGlobalSection
EndGlobal
